// !$*UTF8*$!
{
	archiveVersion = 1;
	classes = {
	};
	objectVersion = 56;
	objects = {

/* Begin PBXBuildFile section */
		84BA779F28F50D12009E7ED4 /* AppDelegate.swift in Sources */ = {isa = PBXBuildFile; fileRef = 84BA779E28F50D12009E7ED4 /* AppDelegate.swift */; };
		84BA77A128F50D12009E7ED4 /* SceneDelegate.swift in Sources */ = {isa = PBXBuildFile; fileRef = 84BA77A028F50D12009E7ED4 /* SceneDelegate.swift */; };
		84BA77A328F50D12009E7ED4 /* ViewController.swift in Sources */ = {isa = PBXBuildFile; fileRef = 84BA77A228F50D12009E7ED4 /* ViewController.swift */; };
		84BA77A628F50D12009E7ED4 /* Main.storyboard in Resources */ = {isa = PBXBuildFile; fileRef = 84BA77A428F50D12009E7ED4 /* Main.storyboard */; };
		84BA77A828F50D13009E7ED4 /* Assets.xcassets in Resources */ = {isa = PBXBuildFile; fileRef = 84BA77A728F50D13009E7ED4 /* Assets.xcassets */; };
		84BA77AB28F50D13009E7ED4 /* LaunchScreen.storyboard in Resources */ = {isa = PBXBuildFile; fileRef = 84BA77A928F50D13009E7ED4 /* LaunchScreen.storyboard */; };
		84BA77B628F50D13009E7ED4 /* iosTests.swift in Sources */ = {isa = PBXBuildFile; fileRef = 84BA77B528F50D13009E7ED4 /* iosTests.swift */; };
		84BA77C028F50D13009E7ED4 /* iosUITests.swift in Sources */ = {isa = PBXBuildFile; fileRef = 84BA77BF28F50D13009E7ED4 /* iosUITests.swift */; };
		84BA77C228F50D13009E7ED4 /* iosUITestsLaunchTests.swift in Sources */ = {isa = PBXBuildFile; fileRef = 84BA77C128F50D13009E7ED4 /* iosUITestsLaunchTests.swift */; };
/* End PBXBuildFile section */

/* Begin PBXContainerItemProxy section */
		84BA77B228F50D13009E7ED4 /* PBXContainerItemProxy */ = {
			isa = PBXContainerItemProxy;
			containerPortal = 84BA779328F50D12009E7ED4 /* Project object */;
			proxyType = 1;
			remoteGlobalIDString = 84BA779A28F50D12009E7ED4;
			remoteInfo = ios;
		};
		84BA77BC28F50D13009E7ED4 /* PBXContainerItemProxy */ = {
			isa = PBXContainerItemProxy;
			containerPortal = 84BA779328F50D12009E7ED4 /* Project object */;
			proxyType = 1;
			remoteGlobalIDString = 84BA779A28F50D12009E7ED4;
			remoteInfo = ios;
		};
/* End PBXContainerItemProxy section */

/* Begin PBXFileReference section */
		84BA779B28F50D12009E7ED4 /* ios.app */ = {isa = PBXFileReference; explicitFileType = wrapper.application; includeInIndex = 0; path = ios.app; sourceTree = BUILT_PRODUCTS_DIR; };
		84BA779E28F50D12009E7ED4 /* AppDelegate.swift */ = {isa = PBXFileReference; lastKnownFileType = sourcecode.swift; path = AppDelegate.swift; sourceTree = "<group>"; };
		84BA77A028F50D12009E7ED4 /* SceneDelegate.swift */ = {isa = PBXFileReference; lastKnownFileType = sourcecode.swift; path = SceneDelegate.swift; sourceTree = "<group>"; };
		84BA77A228F50D12009E7ED4 /* ViewController.swift */ = {isa = PBXFileReference; lastKnownFileType = sourcecode.swift; path = ViewController.swift; sourceTree = "<group>"; };
		84BA77A528F50D12009E7ED4 /* Base */ = {isa = PBXFileReference; lastKnownFileType = file.storyboard; name = Base; path = Base.lproj/Main.storyboard; sourceTree = "<group>"; };
		84BA77A728F50D13009E7ED4 /* Assets.xcassets */ = {isa = PBXFileReference; lastKnownFileType = folder.assetcatalog; path = Assets.xcassets; sourceTree = "<group>"; };
		84BA77AA28F50D13009E7ED4 /* Base */ = {isa = PBXFileReference; lastKnownFileType = file.storyboard; name = Base; path = Base.lproj/LaunchScreen.storyboard; sourceTree = "<group>"; };
		84BA77AC28F50D13009E7ED4 /* Info.plist */ = {isa = PBXFileReference; lastKnownFileType = text.plist.xml; path = Info.plist; sourceTree = "<group>"; };
		84BA77B128F50D13009E7ED4 /* iosTests.xctest */ = {isa = PBXFileReference; explicitFileType = wrapper.cfbundle; includeInIndex = 0; path = iosTests.xctest; sourceTree = BUILT_PRODUCTS_DIR; };
		84BA77B528F50D13009E7ED4 /* iosTests.swift */ = {isa = PBXFileReference; lastKnownFileType = sourcecode.swift; path = iosTests.swift; sourceTree = "<group>"; };
		84BA77BB28F50D13009E7ED4 /* iosUITests.xctest */ = {isa = PBXFileReference; explicitFileType = wrapper.cfbundle; includeInIndex = 0; path = iosUITests.xctest; sourceTree = BUILT_PRODUCTS_DIR; };
		84BA77BF28F50D13009E7ED4 /* iosUITests.swift */ = {isa = PBXFileReference; lastKnownFileType = sourcecode.swift; path = iosUITests.swift; sourceTree = "<group>"; };
		84BA77C128F50D13009E7ED4 /* iosUITestsLaunchTests.swift */ = {isa = PBXFileReference; lastKnownFileType = sourcecode.swift; path = iosUITestsLaunchTests.swift; sourceTree = "<group>"; };
/* End PBXFileReference section */

/* Begin PBXFrameworksBuildPhase section */
		84BA779828F50D12009E7ED4 /* Frameworks */ = {
			isa = PBXFrameworksBuildPhase;
			buildActionMask = 2147483647;
			files = (
			);
			runOnlyForDeploymentPostprocessing = 0;
		};
		84BA77AE28F50D13009E7ED4 /* Frameworks */ = {
			isa = PBXFrameworksBuildPhase;
			buildActionMask = 2147483647;
			files = (
			);
			runOnlyForDeploymentPostprocessing = 0;
		};
		84BA77B828F50D13009E7ED4 /* Frameworks */ = {
			isa = PBXFrameworksBuildPhase;
			buildActionMask = 2147483647;
			files = (
			);
			runOnlyForDeploymentPostprocessing = 0;
		};
/* End PBXFrameworksBuildPhase section */

/* Begin PBXGroup section */
		84BA779228F50D12009E7ED4 = {
			isa = PBXGroup;
			children = (
				84BA779D28F50D12009E7ED4 /* ios */,
				84BA77B428F50D13009E7ED4 /* iosTests */,
				84BA77BE28F50D13009E7ED4 /* iosUITests */,
				84BA779C28F50D12009E7ED4 /* Products */,
			);
			sourceTree = "<group>";
		};
		84BA779C28F50D12009E7ED4 /* Products */ = {
			isa = PBXGroup;
			children = (
				84BA779B28F50D12009E7ED4 /* ios.app */,
				84BA77B128F50D13009E7ED4 /* iosTests.xctest */,
				84BA77BB28F50D13009E7ED4 /* iosUITests.xctest */,
			);
			name = Products;
			sourceTree = "<group>";
		};
		84BA779D28F50D12009E7ED4 /* ios */ = {
			isa = PBXGroup;
			children = (
				84BA779E28F50D12009E7ED4 /* AppDelegate.swift */,
				84BA77A028F50D12009E7ED4 /* SceneDelegate.swift */,
				84BA77A228F50D12009E7ED4 /* ViewController.swift */,
				84BA77A428F50D12009E7ED4 /* Main.storyboard */,
				84BA77A728F50D13009E7ED4 /* Assets.xcassets */,
				84BA77A928F50D13009E7ED4 /* LaunchScreen.storyboard */,
				84BA77AC28F50D13009E7ED4 /* Info.plist */,
			);
			path = ios;
			sourceTree = "<group>";
		};
		84BA77B428F50D13009E7ED4 /* iosTests */ = {
			isa = PBXGroup;
			children = (
				84BA77B528F50D13009E7ED4 /* iosTests.swift */,
			);
			path = iosTests;
			sourceTree = "<group>";
		};
		84BA77BE28F50D13009E7ED4 /* iosUITests */ = {
			isa = PBXGroup;
			children = (
				84BA77BF28F50D13009E7ED4 /* iosUITests.swift */,
				84BA77C128F50D13009E7ED4 /* iosUITestsLaunchTests.swift */,
			);
			path = iosUITests;
			sourceTree = "<group>";
		};
/* End PBXGroup section */

/* Begin PBXNativeTarget section */
		84BA779A28F50D12009E7ED4 /* ios */ = {
			isa = PBXNativeTarget;
			buildConfigurationList = 84BA77C528F50D13009E7ED4 /* Build configuration list for PBXNativeTarget "ios" */;
			buildPhases = (
				84BA779728F50D12009E7ED4 /* Sources */,
				84BA779828F50D12009E7ED4 /* Frameworks */,
				84BA779928F50D12009E7ED4 /* Resources */,
			);
			buildRules = (
			);
			dependencies = (
			);
			name = ios;
			productName = ios;
			productReference = 84BA779B28F50D12009E7ED4 /* ios.app */;
			productType = "com.apple.product-type.application";
		};
		84BA77B028F50D13009E7ED4 /* iosTests */ = {
			isa = PBXNativeTarget;
			buildConfigurationList = 84BA77C828F50D13009E7ED4 /* Build configuration list for PBXNativeTarget "iosTests" */;
			buildPhases = (
				84BA77AD28F50D13009E7ED4 /* Sources */,
				84BA77AE28F50D13009E7ED4 /* Frameworks */,
				84BA77AF28F50D13009E7ED4 /* Resources */,
			);
			buildRules = (
			);
			dependencies = (
				84BA77B328F50D13009E7ED4 /* PBXTargetDependency */,
			);
			name = iosTests;
			productName = iosTests;
			productReference = 84BA77B128F50D13009E7ED4 /* iosTests.xctest */;
			productType = "com.apple.product-type.bundle.unit-test";
		};
		84BA77BA28F50D13009E7ED4 /* iosUITests */ = {
			isa = PBXNativeTarget;
			buildConfigurationList = 84BA77CB28F50D13009E7ED4 /* Build configuration list for PBXNativeTarget "iosUITests" */;
			buildPhases = (
				84BA77B728F50D13009E7ED4 /* Sources */,
				84BA77B828F50D13009E7ED4 /* Frameworks */,
				84BA77B928F50D13009E7ED4 /* Resources */,
			);
			buildRules = (
			);
			dependencies = (
				84BA77BD28F50D13009E7ED4 /* PBXTargetDependency */,
			);
			name = iosUITests;
			productName = iosUITests;
			productReference = 84BA77BB28F50D13009E7ED4 /* iosUITests.xctest */;
			productType = "com.apple.product-type.bundle.ui-testing";
		};
/* End PBXNativeTarget section */

/* Begin PBXProject section */
		84BA779328F50D12009E7ED4 /* Project object */ = {
			isa = PBXProject;
			attributes = {
				BuildIndependentTargetsInParallel = 1;
				LastSwiftUpdateCheck = 1400;
				LastUpgradeCheck = 1400;
				TargetAttributes = {
					84BA779A28F50D12009E7ED4 = {
						CreatedOnToolsVersion = 14.0;
					};
					84BA77B028F50D13009E7ED4 = {
						CreatedOnToolsVersion = 14.0;
						TestTargetID = 84BA779A28F50D12009E7ED4;
					};
					84BA77BA28F50D13009E7ED4 = {
						CreatedOnToolsVersion = 14.0;
						TestTargetID = 84BA779A28F50D12009E7ED4;
					};
				};
			};
			buildConfigurationList = 84BA779628F50D12009E7ED4 /* Build configuration list for PBXProject "ios" */;
			compatibilityVersion = "Xcode 14.0";
			developmentRegion = en;
			hasScannedForEncodings = 0;
			knownRegions = (
				en,
				Base,
			);
			mainGroup = 84BA779228F50D12009E7ED4;
			productRefGroup = 84BA779C28F50D12009E7ED4 /* Products */;
			projectDirPath = "";
			projectRoot = "";
			targets = (
				84BA779A28F50D12009E7ED4 /* ios */,
				84BA77B028F50D13009E7ED4 /* iosTests */,
				84BA77BA28F50D13009E7ED4 /* iosUITests */,
			);
		};
/* End PBXProject section */

/* Begin PBXResourcesBuildPhase section */
		84BA779928F50D12009E7ED4 /* Resources */ = {
			isa = PBXResourcesBuildPhase;
			buildActionMask = 2147483647;
			files = (
				84BA77AB28F50D13009E7ED4 /* LaunchScreen.storyboard in Resources */,
				84BA77A828F50D13009E7ED4 /* Assets.xcassets in Resources */,
				84BA77A628F50D12009E7ED4 /* Main.storyboard in Resources */,
			);
			runOnlyForDeploymentPostprocessing = 0;
		};
		84BA77AF28F50D13009E7ED4 /* Resources */ = {
			isa = PBXResourcesBuildPhase;
			buildActionMask = 2147483647;
			files = (
			);
			runOnlyForDeploymentPostprocessing = 0;
		};
		84BA77B928F50D13009E7ED4 /* Resources */ = {
			isa = PBXResourcesBuildPhase;
			buildActionMask = 2147483647;
			files = (
			);
			runOnlyForDeploymentPostprocessing = 0;
		};
/* End PBXResourcesBuildPhase section */

/* Begin PBXSourcesBuildPhase section */
		84BA779728F50D12009E7ED4 /* Sources */ = {
			isa = PBXSourcesBuildPhase;
			buildActionMask = 2147483647;
			files = (
				84BA77A328F50D12009E7ED4 /* ViewController.swift in Sources */,
				84BA779F28F50D12009E7ED4 /* AppDelegate.swift in Sources */,
				84BA77A128F50D12009E7ED4 /* SceneDelegate.swift in Sources */,
			);
			runOnlyForDeploymentPostprocessing = 0;
		};
		84BA77AD28F50D13009E7ED4 /* Sources */ = {
			isa = PBXSourcesBuildPhase;
			buildActionMask = 2147483647;
			files = (
				84BA77B628F50D13009E7ED4 /* iosTests.swift in Sources */,
			);
			runOnlyForDeploymentPostprocessing = 0;
		};
		84BA77B728F50D13009E7ED4 /* Sources */ = {
			isa = PBXSourcesBuildPhase;
			buildActionMask = 2147483647;
			files = (
				84BA77C228F50D13009E7ED4 /* iosUITestsLaunchTests.swift in Sources */,
				84BA77C028F50D13009E7ED4 /* iosUITests.swift in Sources */,
			);
			runOnlyForDeploymentPostprocessing = 0;
		};
/* End PBXSourcesBuildPhase section */

/* Begin PBXTargetDependency section */
		84BA77B328F50D13009E7ED4 /* PBXTargetDependency */ = {
			isa = PBXTargetDependency;
			target = 84BA779A28F50D12009E7ED4 /* ios */;
			targetProxy = 84BA77B228F50D13009E7ED4 /* PBXContainerItemProxy */;
		};
		84BA77BD28F50D13009E7ED4 /* PBXTargetDependency */ = {
			isa = PBXTargetDependency;
			target = 84BA779A28F50D12009E7ED4 /* ios */;
			targetProxy = 84BA77BC28F50D13009E7ED4 /* PBXContainerItemProxy */;
		};
/* End PBXTargetDependency section */

/* Begin PBXVariantGroup section */
		84BA77A428F50D12009E7ED4 /* Main.storyboard */ = {
			isa = PBXVariantGroup;
			children = (
				84BA77A528F50D12009E7ED4 /* Base */,
			);
			name = Main.storyboard;
			sourceTree = "<group>";
		};
		84BA77A928F50D13009E7ED4 /* LaunchScreen.storyboard */ = {
			isa = PBXVariantGroup;
			children = (
				84BA77AA28F50D13009E7ED4 /* Base */,
			);
			name = LaunchScreen.storyboard;
			sourceTree = "<group>";
		};
/* End PBXVariantGroup section */

/* Begin XCBuildConfiguration section */
		84BA77C328F50D13009E7ED4 /* Debug */ = {
			isa = XCBuildConfiguration;
			buildSettings = {
				ALWAYS_SEARCH_USER_PATHS = NO;
				CLANG_ANALYZER_NONNULL = YES;
				CLANG_ANALYZER_NUMBER_OBJECT_CONVERSION = YES_AGGRESSIVE;
				CLANG_CXX_LANGUAGE_STANDARD = "gnu++20";
				CLANG_ENABLE_MODULES = YES;
				CLANG_ENABLE_OBJC_ARC = YES;
				CLANG_ENABLE_OBJC_WEAK = YES;
				CLANG_WARN_BLOCK_CAPTURE_AUTORELEASING = YES;
				CLANG_WARN_BOOL_CONVERSION = YES;
				CLANG_WARN_COMMA = YES;
				CLANG_WARN_CONSTANT_CONVERSION = YES;
				CLANG_WARN_DEPRECATED_OBJC_IMPLEMENTATIONS = YES;
				CLANG_WARN_DIRECT_OBJC_ISA_USAGE = YES_ERROR;
				CLANG_WARN_DOCUMENTATION_COMMENTS = YES;
				CLANG_WARN_EMPTY_BODY = YES;
				CLANG_WARN_ENUM_CONVERSION = YES;
				CLANG_WARN_INFINITE_RECURSION = YES;
				CLANG_WARN_INT_CONVERSION = YES;
				CLANG_WARN_NON_LITERAL_NULL_CONVERSION = YES;
				CLANG_WARN_OBJC_IMPLICIT_RETAIN_SELF = YES;
				CLANG_WARN_OBJC_LITERAL_CONVERSION = YES;
				CLANG_WARN_OBJC_ROOT_CLASS = YES_ERROR;
				CLANG_WARN_QUOTED_INCLUDE_IN_FRAMEWORK_HEADER = YES;
				CLANG_WARN_RANGE_LOOP_ANALYSIS = YES;
				CLANG_WARN_STRICT_PROTOTYPES = YES;
				CLANG_WARN_SUSPICIOUS_MOVE = YES;
				CLANG_WARN_UNGUARDED_AVAILABILITY = YES_AGGRESSIVE;
				CLANG_WARN_UNREACHABLE_CODE = YES;
				CLANG_WARN__DUPLICATE_METHOD_MATCH = YES;
				COPY_PHASE_STRIP = NO;
				DEBUG_INFORMATION_FORMAT = dwarf;
				ENABLE_STRICT_OBJC_MSGSEND = YES;
				ENABLE_TESTABILITY = YES;
				GCC_C_LANGUAGE_STANDARD = gnu11;
				GCC_DYNAMIC_NO_PIC = NO;
				GCC_NO_COMMON_BLOCKS = YES;
				GCC_OPTIMIZATION_LEVEL = 0;
				GCC_PREPROCESSOR_DEFINITIONS = (
					"DEBUG=1",
					"$(inherited)",
				);
				GCC_WARN_64_TO_32_BIT_CONVERSION = YES;
				GCC_WARN_ABOUT_RETURN_TYPE = YES_ERROR;
				GCC_WARN_UNDECLARED_SELECTOR = YES;
				GCC_WARN_UNINITIALIZED_AUTOS = YES_AGGRESSIVE;
				GCC_WARN_UNUSED_FUNCTION = YES;
				GCC_WARN_UNUSED_VARIABLE = YES;
				IPHONEOS_DEPLOYMENT_TARGET = 16.0;
				MTL_ENABLE_DEBUG_INFO = INCLUDE_SOURCE;
				MTL_FAST_MATH = YES;
				ONLY_ACTIVE_ARCH = YES;
				SDKROOT = iphoneos;
				SWIFT_ACTIVE_COMPILATION_CONDITIONS = DEBUG;
				SWIFT_OPTIMIZATION_LEVEL = "-Onone";
			};
			name = Debug;
		};
		84BA77C428F50D13009E7ED4 /* Release */ = {
			isa = XCBuildConfiguration;
			buildSettings = {
				ALWAYS_SEARCH_USER_PATHS = NO;
				CLANG_ANALYZER_NONNULL = YES;
				CLANG_ANALYZER_NUMBER_OBJECT_CONVERSION = YES_AGGRESSIVE;
				CLANG_CXX_LANGUAGE_STANDARD = "gnu++20";
				CLANG_ENABLE_MODULES = YES;
				CLANG_ENABLE_OBJC_ARC = YES;
				CLANG_ENABLE_OBJC_WEAK = YES;
				CLANG_WARN_BLOCK_CAPTURE_AUTORELEASING = YES;
				CLANG_WARN_BOOL_CONVERSION = YES;
				CLANG_WARN_COMMA = YES;
				CLANG_WARN_CONSTANT_CONVERSION = YES;
				CLANG_WARN_DEPRECATED_OBJC_IMPLEMENTATIONS = YES;
				CLANG_WARN_DIRECT_OBJC_ISA_USAGE = YES_ERROR;
				CLANG_WARN_DOCUMENTATION_COMMENTS = YES;
				CLANG_WARN_EMPTY_BODY = YES;
				CLANG_WARN_ENUM_CONVERSION = YES;
				CLANG_WARN_INFINITE_RECURSION = YES;
				CLANG_WARN_INT_CONVERSION = YES;
				CLANG_WARN_NON_LITERAL_NULL_CONVERSION = YES;
				CLANG_WARN_OBJC_IMPLICIT_RETAIN_SELF = YES;
				CLANG_WARN_OBJC_LITERAL_CONVERSION = YES;
				CLANG_WARN_OBJC_ROOT_CLASS = YES_ERROR;
				CLANG_WARN_QUOTED_INCLUDE_IN_FRAMEWORK_HEADER = YES;
				CLANG_WARN_RANGE_LOOP_ANALYSIS = YES;
				CLANG_WARN_STRICT_PROTOTYPES = YES;
				CLANG_WARN_SUSPICIOUS_MOVE = YES;
				CLANG_WARN_UNGUARDED_AVAILABILITY = YES_AGGRESSIVE;
				CLANG_WARN_UNREACHABLE_CODE = YES;
				CLANG_WARN__DUPLICATE_METHOD_MATCH = YES;
				COPY_PHASE_STRIP = NO;
				DEBUG_INFORMATION_FORMAT = "dwarf-with-dsym";
				ENABLE_NS_ASSERTIONS = NO;
				ENABLE_STRICT_OBJC_MSGSEND = YES;
				GCC_C_LANGUAGE_STANDARD = gnu11;
				GCC_NO_COMMON_BLOCKS = YES;
				GCC_WARN_64_TO_32_BIT_CONVERSION = YES;
				GCC_WARN_ABOUT_RETURN_TYPE = YES_ERROR;
				GCC_WARN_UNDECLARED_SELECTOR = YES;
				GCC_WARN_UNINITIALIZED_AUTOS = YES_AGGRESSIVE;
				GCC_WARN_UNUSED_FUNCTION = YES;
				GCC_WARN_UNUSED_VARIABLE = YES;
				IPHONEOS_DEPLOYMENT_TARGET = 16.0;
				MTL_ENABLE_DEBUG_INFO = NO;
				MTL_FAST_MATH = YES;
				SDKROOT = iphoneos;
				SWIFT_COMPILATION_MODE = wholemodule;
				SWIFT_OPTIMIZATION_LEVEL = "-O";
				VALIDATE_PRODUCT = YES;
			};
			name = Release;
		};
		84BA77C628F50D13009E7ED4 /* Debug */ = {
			isa = XCBuildConfiguration;
			buildSettings = {
				ASSETCATALOG_COMPILER_APPICON_NAME = AppIcon;
				ASSETCATALOG_COMPILER_GLOBAL_ACCENT_COLOR_NAME = AccentColor;
				CODE_SIGN_STYLE = Automatic;
				CURRENT_PROJECT_VERSION = 1;
				GENERATE_INFOPLIST_FILE = YES;
				INFOPLIST_FILE = ios/Info.plist;
				INFOPLIST_KEY_UIApplicationSupportsIndirectInputEvents = YES;
				INFOPLIST_KEY_UILaunchStoryboardName = LaunchScreen;
				INFOPLIST_KEY_UIMainStoryboardFile = Main;
				INFOPLIST_KEY_UISupportedInterfaceOrientations_iPad = "UIInterfaceOrientationPortrait UIInterfaceOrientationPortraitUpsideDown UIInterfaceOrientationLandscapeLeft UIInterfaceOrientationLandscapeRight";
				INFOPLIST_KEY_UISupportedInterfaceOrientations_iPhone = "UIInterfaceOrientationPortrait UIInterfaceOrientationLandscapeLeft UIInterfaceOrientationLandscapeRight";
				LD_RUNPATH_SEARCH_PATHS = (
					"$(inherited)",
					"@executable_path/Frameworks",
				);
				MARKETING_VERSION = 1.0;
				PRODUCT_BUNDLE_IDENTIFIER = io.github.aidenkoog.ios;
				PRODUCT_NAME = "$(TARGET_NAME)";
				SWIFT_EMIT_LOC_STRINGS = YES;
				SWIFT_VERSION = 5.0;
				TARGETED_DEVICE_FAMILY = "1,2";
			};
			name = Debug;
		};
		84BA77C728F50D13009E7ED4 /* Release */ = {
			isa = XCBuildConfiguration;
			buildSettings = {
				ASSETCATALOG_COMPILER_APPICON_NAME = AppIcon;
				ASSETCATALOG_COMPILER_GLOBAL_ACCENT_COLOR_NAME = AccentColor;
				CODE_SIGN_STYLE = Automatic;
				CURRENT_PROJECT_VERSION = 1;
				GENERATE_INFOPLIST_FILE = YES;
				INFOPLIST_FILE = ios/Info.plist;
				INFOPLIST_KEY_UIApplicationSupportsIndirectInputEvents = YES;
				INFOPLIST_KEY_UILaunchStoryboardName = LaunchScreen;
				INFOPLIST_KEY_UIMainStoryboardFile = Main;
				INFOPLIST_KEY_UISupportedInterfaceOrientations_iPad = "UIInterfaceOrientationPortrait UIInterfaceOrientationPortraitUpsideDown UIInterfaceOrientationLandscapeLeft UIInterfaceOrientationLandscapeRight";
				INFOPLIST_KEY_UISupportedInterfaceOrientations_iPhone = "UIInterfaceOrientationPortrait UIInterfaceOrientationLandscapeLeft UIInterfaceOrientationLandscapeRight";
				LD_RUNPATH_SEARCH_PATHS = (
					"$(inherited)",
					"@executable_path/Frameworks",
				);
				MARKETING_VERSION = 1.0;
				PRODUCT_BUNDLE_IDENTIFIER = io.github.aidenkoog.ios;
				PRODUCT_NAME = "$(TARGET_NAME)";
				SWIFT_EMIT_LOC_STRINGS = YES;
				SWIFT_VERSION = 5.0;
				TARGETED_DEVICE_FAMILY = "1,2";
			};
			name = Release;
		};
		84BA77C928F50D13009E7ED4 /* Debug */ = {
			isa = XCBuildConfiguration;
			buildSettings = {
				ALWAYS_EMBED_SWIFT_STANDARD_LIBRARIES = YES;
				BUNDLE_LOADER = "$(TEST_HOST)";
				CODE_SIGN_STYLE = Automatic;
				CURRENT_PROJECT_VERSION = 1;
				GENERATE_INFOPLIST_FILE = YES;
				IPHONEOS_DEPLOYMENT_TARGET = 16.0;
				MARKETING_VERSION = 1.0;
				PRODUCT_BUNDLE_IDENTIFIER = io.github.aidenkoog.iosTests;
				PRODUCT_NAME = "$(TARGET_NAME)";
				SWIFT_EMIT_LOC_STRINGS = NO;
				SWIFT_VERSION = 5.0;
				TARGETED_DEVICE_FAMILY = "1,2";
				TEST_HOST = "$(BUILT_PRODUCTS_DIR)/ios.app/$(BUNDLE_EXECUTABLE_FOLDER_PATH)/ios";
			};
			name = Debug;
		};
		84BA77CA28F50D13009E7ED4 /* Release */ = {
			isa = XCBuildConfiguration;
			buildSettings = {
				ALWAYS_EMBED_SWIFT_STANDARD_LIBRARIES = YES;
				BUNDLE_LOADER = "$(TEST_HOST)";
				CODE_SIGN_STYLE = Automatic;
				CURRENT_PROJECT_VERSION = 1;
				GENERATE_INFOPLIST_FILE = YES;
				IPHONEOS_DEPLOYMENT_TARGET = 16.0;
				MARKETING_VERSION = 1.0;
				PRODUCT_BUNDLE_IDENTIFIER = io.github.aidenkoog.iosTests;
				PRODUCT_NAME = "$(TARGET_NAME)";
				SWIFT_EMIT_LOC_STRINGS = NO;
				SWIFT_VERSION = 5.0;
				TARGETED_DEVICE_FAMILY = "1,2";
				TEST_HOST = "$(BUILT_PRODUCTS_DIR)/ios.app/$(BUNDLE_EXECUTABLE_FOLDER_PATH)/ios";
			};
			name = Release;
		};
		84BA77CC28F50D13009E7ED4 /* Debug */ = {
			isa = XCBuildConfiguration;
			buildSettings = {
				ALWAYS_EMBED_SWIFT_STANDARD_LIBRARIES = YES;
				CODE_SIGN_STYLE = Automatic;
				CURRENT_PROJECT_VERSION = 1;
				GENERATE_INFOPLIST_FILE = YES;
				MARKETING_VERSION = 1.0;
				PRODUCT_BUNDLE_IDENTIFIER = io.github.aidenkoog.iosUITests;
				PRODUCT_NAME = "$(TARGET_NAME)";
				SWIFT_EMIT_LOC_STRINGS = NO;
				SWIFT_VERSION = 5.0;
				TARGETED_DEVICE_FAMILY = "1,2";
				TEST_TARGET_NAME = ios;
			};
			name = Debug;
		};
		84BA77CD28F50D13009E7ED4 /* Release */ = {
			isa = XCBuildConfiguration;
			buildSettings = {
				ALWAYS_EMBED_SWIFT_STANDARD_LIBRARIES = YES;
				CODE_SIGN_STYLE = Automatic;
				CURRENT_PROJECT_VERSION = 1;
				GENERATE_INFOPLIST_FILE = YES;
				MARKETING_VERSION = 1.0;
				PRODUCT_BUNDLE_IDENTIFIER = io.github.aidenkoog.iosUITests;
				PRODUCT_NAME = "$(TARGET_NAME)";
				SWIFT_EMIT_LOC_STRINGS = NO;
				SWIFT_VERSION = 5.0;
				TARGETED_DEVICE_FAMILY = "1,2";
				TEST_TARGET_NAME = ios;
			};
			name = Release;
		};
/* End XCBuildConfiguration section */

/* Begin XCConfigurationList section */
		84BA779628F50D12009E7ED4 /* Build configuration list for PBXProject "ios" */ = {
			isa = XCConfigurationList;
			buildConfigurations = (
				84BA77C328F50D13009E7ED4 /* Debug */,
				84BA77C428F50D13009E7ED4 /* Release */,
			);
			defaultConfigurationIsVisible = 0;
			defaultConfigurationName = Release;
		};
		84BA77C528F50D13009E7ED4 /* Build configuration list for PBXNativeTarget "ios" */ = {
			isa = XCConfigurationList;
			buildConfigurations = (
				84BA77C628F50D13009E7ED4 /* Debug */,
				84BA77C728F50D13009E7ED4 /* Release */,
			);
			defaultConfigurationIsVisible = 0;
			defaultConfigurationName = Release;
		};
		84BA77C828F50D13009E7ED4 /* Build configuration list for PBXNativeTarget "iosTests" */ = {
			isa = XCConfigurationList;
			buildConfigurations = (
				84BA77C928F50D13009E7ED4 /* Debug */,
				84BA77CA28F50D13009E7ED4 /* Release */,
			);
			defaultConfigurationIsVisible = 0;
			defaultConfigurationName = Release;
		};
		84BA77CB28F50D13009E7ED4 /* Build configuration list for PBXNativeTarget "iosUITests" */ = {
			isa = XCConfigurationList;
			buildConfigurations = (
				84BA77CC28F50D13009E7ED4 /* Debug */,
				84BA77CD28F50D13009E7ED4 /* Release */,
			);
			defaultConfigurationIsVisible = 0;
			defaultConfigurationName = Release;
		};
/* End XCConfigurationList section */
	};
	rootObject = 84BA779328F50D12009E7ED4 /* Project object */;
}
