# THIS IS AN AUTOGENERATED FILE. DO NOT EDIT THIS FILE DIRECTLY.
# yarn lockfile v1


react-native-ble-plx@^2.0.3:
  version "2.0.3"
  resolved "https://registry.yarnpkg.com/react-native-ble-plx/-/react-native-ble-plx-2.0.3.tgz#b0a746f33389dbf7fd7b158513330d487d5d0fbb"
  integrity sha512-62LRDBPf/03K7sge+qq2ZuF8PWCGB782G+SBrpgNm5fA5Hs3FCY1ExTJZ1G0tB5ZhBPYEXcKRxPLuFegcDFrqA==
